// !$*UTF8*$!
{
	archiveVersion = 1;
	classes = {
	};
	objectVersion = 48;
	objects = {

/* Begin PBXBuildFile section */
		8516879220E2C10400F8A8E8 /* mac_palette_material.jpg in Resources */ = {isa = PBXBuildFile; fileRef = 8516879020E2C10400F8A8E8 /* mac_palette_material.jpg */; };
		8516879720E2C19D00F8A8E8 /* urban_material.jpg in Resources */ = {isa = PBXBuildFile; fileRef = 8516879620E2C19D00F8A8E8 /* urban_material.jpg */; };
		8516879B20E2C1CE00F8A8E8 /* mac_fix_material.jpg in Resources */ = {isa = PBXBuildFile; fileRef = 8516879A20E2C1CE00F8A8E8 /* mac_fix_material.jpg */; };
		8516879E20E2C6E200F8A8E8 /* mac_fix.scn in Resources */ = {isa = PBXBuildFile; fileRef = 8516879C20E2C1D800F8A8E8 /* mac_fix.scn */; };
		8516879F20E2C6E500F8A8E8 /* urban.scn in Resources */ = {isa = PBXBuildFile; fileRef = 8516879D20E2C1E800F8A8E8 /* urban.scn */; };
		C1476FC420F4037C007F8CCC /* salmon.png in Resources */ = {isa = PBXBuildFile; fileRef = C1476FC320F4037C007F8CCC /* salmon.png */; };
		C1476FC620F4038D007F8CCC /* green.png in Resources */ = {isa = PBXBuildFile; fileRef = C1476FC520F4038D007F8CCC /* green.png */; };
		C149B40820EAB9B2007CF0AC /* side 2.jpeg in Resources */ = {isa = PBXBuildFile; fileRef = C149B40120EAB9B0007CF0AC /* side 2.jpeg */; };
		C149B40920EAB9B2007CF0AC /* perfume.scn in Resources */ = {isa = PBXBuildFile; fileRef = C149B40220EAB9B0007CF0AC /* perfume.scn */; };
		C149B40A20EAB9B2007CF0AC /* top.jpeg in Resources */ = {isa = PBXBuildFile; fileRef = C149B40320EAB9B1007CF0AC /* top.jpeg */; };
		C149B40B20EAB9B2007CF0AC /* bottom.jpeg in Resources */ = {isa = PBXBuildFile; fileRef = C149B40420EAB9B1007CF0AC /* bottom.jpeg */; };
		C149B40C20EAB9B2007CF0AC /* front.jpeg in Resources */ = {isa = PBXBuildFile; fileRef = C149B40520EAB9B1007CF0AC /* front.jpeg */; };
		C149B40D20EAB9B2007CF0AC /* side 1.jpeg in Resources */ = {isa = PBXBuildFile; fileRef = C149B40620EAB9B1007CF0AC /* side 1.jpeg */; };
		C149B40E20EAB9B2007CF0AC /* back.jpeg in Resources */ = {isa = PBXBuildFile; fileRef = C149B40720EAB9B1007CF0AC /* back.jpeg */; };
		C149B41020EBCF76007CF0AC /* PlaneDetectionNode.swift in Sources */ = {isa = PBXBuildFile; fileRef = C149B40F20EBCF76007CF0AC /* PlaneDetectionNode.swift */; };
		C17F4B9020EA82B700492C3E /* MaterialDetails.swift in Sources */ = {isa = PBXBuildFile; fileRef = C17F4B8F20EA82B700492C3E /* MaterialDetails.swift */; };
		C18B08DB20EEC4C3000F5679 /* reflective.png in Resources */ = {isa = PBXBuildFile; fileRef = C18B08DA20EEC4C2000F5679 /* reflective.png */; };
		C18B08DD20EEC655000F5679 /* reflective.jpg in Resources */ = {isa = PBXBuildFile; fileRef = C18B08DC20EEC655000F5679 /* reflective.jpg */; };
		C18B08DF20EECA56000F5679 /* mac_palette.scn in Resources */ = {isa = PBXBuildFile; fileRef = C18B08DE20EECA56000F5679 /* mac_palette.scn */; };
		C1A31B4320F7956C00AD8BCA /* SpinnerView.swift in Sources */ = {isa = PBXBuildFile; fileRef = C1A31B4220F7956C00AD8BCA /* SpinnerView.swift */; };
		C1A7559520F5088A00502DF5 /* MaterialCollectionViewCell.swift in Sources */ = {isa = PBXBuildFile; fileRef = C1A7559420F5088A00502DF5 /* MaterialCollectionViewCell.swift */; };
		C1A7559720F51AE900502DF5 /* purple.png in Resources */ = {isa = PBXBuildFile; fileRef = C1A7559620F51AE900502DF5 /* purple.png */; };
		C1F810ED20F53E1200510AE4 /* Niagara.png in Resources */ = {isa = PBXBuildFile; fileRef = C1F810D620F53E0F00510AE4 /* Niagara.png */; };
		C1F810EE20F53E1200510AE4 /* Scarlett Empress.png in Resources */ = {isa = PBXBuildFile; fileRef = C1F810D720F53E0F00510AE4 /* Scarlett Empress.png */; };
		C1F810EF20F53E1200510AE4 /* Tolede.png in Resources */ = {isa = PBXBuildFile; fileRef = C1F810D820F53E0F00510AE4 /* Tolede.png */; };
		C1F810F020F53E1200510AE4 /* Fire Down Below.png in Resources */ = {isa = PBXBuildFile; fileRef = C1F810D920F53E1000510AE4 /* Fire Down Below.png */; };
		C1F810F120F53E1200510AE4 /* Gipsy.png in Resources */ = {isa = PBXBuildFile; fileRef = C1F810DA20F53E1000510AE4 /* Gipsy.png */; };
		C1F810F220F53E1200510AE4 /* Falbala.png in Resources */ = {isa = PBXBuildFile; fileRef = C1F810DB20F53E1000510AE4 /* Falbala.png */; };
		C1F810F320F53E1200510AE4 /* Sexual Healing.png in Resources */ = {isa = PBXBuildFile; fileRef = C1F810DC20F53E1000510AE4 /* Sexual Healing.png */; };
		C1F810F420F53E1200510AE4 /* Shrinagar.png in Resources */ = {isa = PBXBuildFile; fileRef = C1F810DD20F53E1000510AE4 /* Shrinagar.png */; };
		C1F810F520F53E1200510AE4 /* Schiap.png in Resources */ = {isa = PBXBuildFile; fileRef = C1F810DE20F53E1000510AE4 /* Schiap.png */; };
		C1F810F620F53E1200510AE4 /* Belle Du Jour.png in Resources */ = {isa = PBXBuildFile; fileRef = C1F810DF20F53E1000510AE4 /* Belle Du Jour.png */; };
		C1F810F720F53E1200510AE4 /* Cruising.png in Resources */ = {isa = PBXBuildFile; fileRef = C1F810E020F53E1000510AE4 /* Cruising.png */; };
		C1F810F820F53E1200510AE4 /* Catfight.png in Resources */ = {isa = PBXBuildFile; fileRef = C1F810E120F53E1000510AE4 /* Catfight.png */; };
		C1F810F920F53E1200510AE4 /* Heat Wave.png in Resources */ = {isa = PBXBuildFile; fileRef = C1F810E220F53E1100510AE4 /* Heat Wave.png */; };
		C1F810FA20F53E1200510AE4 /* Fast Ride.png in Resources */ = {isa = PBXBuildFile; fileRef = C1F810E320F53E1100510AE4 /* Fast Ride.png */; };
		C1F810FB20F53E1200510AE4 /* Pigalle.png in Resources */ = {isa = PBXBuildFile; fileRef = C1F810E420F53E1100510AE4 /* Pigalle.png */; };
		C1F810FC20F53E1200510AE4 /* Roman Holiday.png in Resources */ = {isa = PBXBuildFile; fileRef = C1F810E520F53E1100510AE4 /* Roman Holiday.png */; };
		C1F810FD20F53E1200510AE4 /* Rosecliff.png in Resources */ = {isa = PBXBuildFile; fileRef = C1F810E620F53E1100510AE4 /* Rosecliff.png */; };
		C1F810FE20F53E1200510AE4 /* Red Lizard.png in Resources */ = {isa = PBXBuildFile; fileRef = C1F810E720F53E1100510AE4 /* Red Lizard.png */; };
		C1F810FF20F53E1200510AE4 /* Afghan Red.png in Resources */ = {isa = PBXBuildFile; fileRef = C1F810E820F53E1100510AE4 /* Afghan Red.png */; };
		C1F8110020F53E1200510AE4 /* Banned Red.png in Resources */ = {isa = PBXBuildFile; fileRef = C1F810E920F53E1100510AE4 /* Banned Red.png */; };
		C1F8110120F53E1200510AE4 /* Damage.png in Resources */ = {isa = PBXBuildFile; fileRef = C1F810EA20F53E1100510AE4 /* Damage.png */; };
		C1F8110220F53E1200510AE4 /* Funny Face.png in Resources */ = {isa = PBXBuildFile; fileRef = C1F810EB20F53E1100510AE4 /* Funny Face.png */; };
		C1F8110320F53E1200510AE4 /* Dolce Vita.png in Resources */ = {isa = PBXBuildFile; fileRef = C1F810EC20F53E1200510AE4 /* Dolce Vita.png */; };
		C1F8110520F5632E00510AE4 /* PDPViewController.swift in Sources */ = {isa = PBXBuildFile; fileRef = C1F8110420F5632E00510AE4 /* PDPViewController.swift */; };
		E4231FD01F0FEAD500CBE4C1 /* AppDelegate.swift in Sources */ = {isa = PBXBuildFile; fileRef = E4231FCF1F0FEAD500CBE4C1 /* AppDelegate.swift */; };
		E4231FD41F0FEAD500CBE4C1 /* ViewController.swift in Sources */ = {isa = PBXBuildFile; fileRef = E4231FD31F0FEAD500CBE4C1 /* ViewController.swift */; };
		E4231FD71F0FEAD500CBE4C1 /* Main.storyboard in Resources */ = {isa = PBXBuildFile; fileRef = E4231FD51F0FEAD500CBE4C1 /* Main.storyboard */; };
		E4231FD91F0FEAD500CBE4C1 /* Assets.xcassets in Resources */ = {isa = PBXBuildFile; fileRef = E4231FD81F0FEAD500CBE4C1 /* Assets.xcassets */; };
		E4231FDC1F0FEAD500CBE4C1 /* LaunchScreen.storyboard in Resources */ = {isa = PBXBuildFile; fileRef = E4231FDA1F0FEAD500CBE4C1 /* LaunchScreen.storyboard */; };
/* End PBXBuildFile section */

/* Begin PBXFileReference section */
		8516879020E2C10400F8A8E8 /* mac_palette_material.jpg */ = {isa = PBXFileReference; lastKnownFileType = image.jpeg; path = mac_palette_material.jpg; sourceTree = "<group>"; };
		8516879620E2C19D00F8A8E8 /* urban_material.jpg */ = {isa = PBXFileReference; lastKnownFileType = image.jpeg; path = urban_material.jpg; sourceTree = "<group>"; };
		8516879A20E2C1CE00F8A8E8 /* mac_fix_material.jpg */ = {isa = PBXFileReference; lastKnownFileType = image.jpeg; path = mac_fix_material.jpg; sourceTree = "<group>"; };
		8516879C20E2C1D800F8A8E8 /* mac_fix.scn */ = {isa = PBXFileReference; lastKnownFileType = file.bplist; path = mac_fix.scn; sourceTree = "<group>"; };
		8516879D20E2C1E800F8A8E8 /* urban.scn */ = {isa = PBXFileReference; lastKnownFileType = file.bplist; path = urban.scn; sourceTree = "<group>"; };
		C1476FC320F4037C007F8CCC /* salmon.png */ = {isa = PBXFileReference; lastKnownFileType = image.png; path = salmon.png; sourceTree = "<group>"; };
		C1476FC520F4038D007F8CCC /* green.png */ = {isa = PBXFileReference; lastKnownFileType = image.png; path = green.png; sourceTree = "<group>"; };
		C149B40120EAB9B0007CF0AC /* side 2.jpeg */ = {isa = PBXFileReference; lastKnownFileType = image.jpeg; path = "side 2.jpeg"; sourceTree = "<group>"; };
		C149B40220EAB9B0007CF0AC /* perfume.scn */ = {isa = PBXFileReference; lastKnownFileType = file.bplist; path = perfume.scn; sourceTree = "<group>"; };
		C149B40320EAB9B1007CF0AC /* top.jpeg */ = {isa = PBXFileReference; lastKnownFileType = image.jpeg; path = top.jpeg; sourceTree = "<group>"; };
		C149B40420EAB9B1007CF0AC /* bottom.jpeg */ = {isa = PBXFileReference; lastKnownFileType = image.jpeg; path = bottom.jpeg; sourceTree = "<group>"; };
		C149B40520EAB9B1007CF0AC /* front.jpeg */ = {isa = PBXFileReference; lastKnownFileType = image.jpeg; path = front.jpeg; sourceTree = "<group>"; };
		C149B40620EAB9B1007CF0AC /* side 1.jpeg */ = {isa = PBXFileReference; lastKnownFileType = image.jpeg; path = "side 1.jpeg"; sourceTree = "<group>"; };
		C149B40720EAB9B1007CF0AC /* back.jpeg */ = {isa = PBXFileReference; lastKnownFileType = image.jpeg; path = back.jpeg; sourceTree = "<group>"; };
		C149B40F20EBCF76007CF0AC /* PlaneDetectionNode.swift */ = {isa = PBXFileReference; lastKnownFileType = sourcecode.swift; path = PlaneDetectionNode.swift; sourceTree = "<group>"; };
		C17F4B8F20EA82B700492C3E /* MaterialDetails.swift */ = {isa = PBXFileReference; fileEncoding = 4; lastKnownFileType = sourcecode.swift; path = MaterialDetails.swift; sourceTree = "<group>"; };
		C18B08DA20EEC4C2000F5679 /* reflective.png */ = {isa = PBXFileReference; lastKnownFileType = image.png; path = reflective.png; sourceTree = "<group>"; };
		C18B08DC20EEC655000F5679 /* reflective.jpg */ = {isa = PBXFileReference; lastKnownFileType = image.jpeg; path = reflective.jpg; sourceTree = "<group>"; };
		C18B08DE20EECA56000F5679 /* mac_palette.scn */ = {isa = PBXFileReference; lastKnownFileType = file.bplist; path = mac_palette.scn; sourceTree = "<group>"; };
		C1A31B4220F7956C00AD8BCA /* SpinnerView.swift */ = {isa = PBXFileReference; lastKnownFileType = sourcecode.swift; path = SpinnerView.swift; sourceTree = "<group>"; };
		C1A7559420F5088A00502DF5 /* MaterialCollectionViewCell.swift */ = {isa = PBXFileReference; lastKnownFileType = sourcecode.swift; path = MaterialCollectionViewCell.swift; sourceTree = "<group>"; };
		C1A7559620F51AE900502DF5 /* purple.png */ = {isa = PBXFileReference; lastKnownFileType = image.png; name = purple.png; path = "ARSceneKit/Resources/New Group/purple.png"; sourceTree = SOURCE_ROOT; };
		C1F810D620F53E0F00510AE4 /* Niagara.png */ = {isa = PBXFileReference; lastKnownFileType = image.png; path = Niagara.png; sourceTree = "<group>"; };
		C1F810D720F53E0F00510AE4 /* Scarlett Empress.png */ = {isa = PBXFileReference; lastKnownFileType = image.png; path = "Scarlett Empress.png"; sourceTree = "<group>"; };
		C1F810D820F53E0F00510AE4 /* Tolede.png */ = {isa = PBXFileReference; lastKnownFileType = image.png; path = Tolede.png; sourceTree = "<group>"; };
		C1F810D920F53E1000510AE4 /* Fire Down Below.png */ = {isa = PBXFileReference; lastKnownFileType = image.png; path = "Fire Down Below.png"; sourceTree = "<group>"; };
		C1F810DA20F53E1000510AE4 /* Gipsy.png */ = {isa = PBXFileReference; lastKnownFileType = image.png; path = Gipsy.png; sourceTree = "<group>"; };
		C1F810DB20F53E1000510AE4 /* Falbala.png */ = {isa = PBXFileReference; lastKnownFileType = image.png; path = Falbala.png; sourceTree = "<group>"; };
		C1F810DC20F53E1000510AE4 /* Sexual Healing.png */ = {isa = PBXFileReference; lastKnownFileType = image.png; path = "Sexual Healing.png"; sourceTree = "<group>"; };
		C1F810DD20F53E1000510AE4 /* Shrinagar.png */ = {isa = PBXFileReference; lastKnownFileType = image.png; path = Shrinagar.png; sourceTree = "<group>"; };
		C1F810DE20F53E1000510AE4 /* Schiap.png */ = {isa = PBXFileReference; lastKnownFileType = image.png; path = Schiap.png; sourceTree = "<group>"; };
		C1F810DF20F53E1000510AE4 /* Belle Du Jour.png */ = {isa = PBXFileReference; lastKnownFileType = image.png; path = "Belle Du Jour.png"; sourceTree = "<group>"; };
		C1F810E020F53E1000510AE4 /* Cruising.png */ = {isa = PBXFileReference; lastKnownFileType = image.png; path = Cruising.png; sourceTree = "<group>"; };
		C1F810E120F53E1000510AE4 /* Catfight.png */ = {isa = PBXFileReference; lastKnownFileType = image.png; path = Catfight.png; sourceTree = "<group>"; };
		C1F810E220F53E1100510AE4 /* Heat Wave.png */ = {isa = PBXFileReference; lastKnownFileType = image.png; path = "Heat Wave.png"; sourceTree = "<group>"; };
		C1F810E320F53E1100510AE4 /* Fast Ride.png */ = {isa = PBXFileReference; lastKnownFileType = image.png; path = "Fast Ride.png"; sourceTree = "<group>"; };
		C1F810E420F53E1100510AE4 /* Pigalle.png */ = {isa = PBXFileReference; lastKnownFileType = image.png; path = Pigalle.png; sourceTree = "<group>"; };
		C1F810E520F53E1100510AE4 /* Roman Holiday.png */ = {isa = PBXFileReference; lastKnownFileType = image.png; path = "Roman Holiday.png"; sourceTree = "<group>"; };
		C1F810E620F53E1100510AE4 /* Rosecliff.png */ = {isa = PBXFileReference; lastKnownFileType = image.png; path = Rosecliff.png; sourceTree = "<group>"; };
		C1F810E720F53E1100510AE4 /* Red Lizard.png */ = {isa = PBXFileReference; lastKnownFileType = image.png; path = "Red Lizard.png"; sourceTree = "<group>"; };
		C1F810E820F53E1100510AE4 /* Afghan Red.png */ = {isa = PBXFileReference; lastKnownFileType = image.png; path = "Afghan Red.png"; sourceTree = "<group>"; };
		C1F810E920F53E1100510AE4 /* Banned Red.png */ = {isa = PBXFileReference; lastKnownFileType = image.png; path = "Banned Red.png"; sourceTree = "<group>"; };
		C1F810EA20F53E1100510AE4 /* Damage.png */ = {isa = PBXFileReference; lastKnownFileType = image.png; path = Damage.png; sourceTree = "<group>"; };
		C1F810EB20F53E1100510AE4 /* Funny Face.png */ = {isa = PBXFileReference; lastKnownFileType = image.png; path = "Funny Face.png"; sourceTree = "<group>"; };
		C1F810EC20F53E1200510AE4 /* Dolce Vita.png */ = {isa = PBXFileReference; lastKnownFileType = image.png; path = "Dolce Vita.png"; sourceTree = "<group>"; };
		C1F8110420F5632E00510AE4 /* PDPViewController.swift */ = {isa = PBXFileReference; lastKnownFileType = sourcecode.swift; path = PDPViewController.swift; sourceTree = "<group>"; };
		E4231FCC1F0FEAD500CBE4C1 /* ARSceneKit.app */ = {isa = PBXFileReference; explicitFileType = wrapper.application; includeInIndex = 0; path = ARSceneKit.app; sourceTree = BUILT_PRODUCTS_DIR; };
		E4231FCF1F0FEAD500CBE4C1 /* AppDelegate.swift */ = {isa = PBXFileReference; lastKnownFileType = sourcecode.swift; path = AppDelegate.swift; sourceTree = "<group>"; };
		E4231FD31F0FEAD500CBE4C1 /* ViewController.swift */ = {isa = PBXFileReference; lastKnownFileType = sourcecode.swift; path = ViewController.swift; sourceTree = "<group>"; };
		E4231FD61F0FEAD500CBE4C1 /* Base */ = {isa = PBXFileReference; lastKnownFileType = file.storyboard; name = Base; path = Base.lproj/Main.storyboard; sourceTree = "<group>"; };
		E4231FD81F0FEAD500CBE4C1 /* Assets.xcassets */ = {isa = PBXFileReference; lastKnownFileType = folder.assetcatalog; path = Assets.xcassets; sourceTree = "<group>"; };
		E4231FDB1F0FEAD500CBE4C1 /* Base */ = {isa = PBXFileReference; lastKnownFileType = file.storyboard; name = Base; path = Base.lproj/LaunchScreen.storyboard; sourceTree = "<group>"; };
		E4231FDD1F0FEAD500CBE4C1 /* Info.plist */ = {isa = PBXFileReference; lastKnownFileType = text.plist.xml; path = Info.plist; sourceTree = "<group>"; };
/* End PBXFileReference section */

/* Begin PBXFrameworksBuildPhase section */
		E4231FC91F0FEAD500CBE4C1 /* Frameworks */ = {
			isa = PBXFrameworksBuildPhase;
			buildActionMask = 2147483647;
			files = (
			);
			runOnlyForDeploymentPostprocessing = 0;
		};
/* End PBXFrameworksBuildPhase section */

/* Begin PBXGroup section */
		8516878D20E2C0E000F8A8E8 /* Resources */ = {
			isa = PBXGroup;
			children = (
				C1F810D520F53AB900510AE4 /* NARS Colors */,
				C1476FBB20F3F01D007F8CCC /* Materials */,
				C149B40020EAB9A8007CF0AC /* Perfume */,
				8516879320E2C17A00F8A8E8 /* URBAN */,
				8516878E20E2C0F600F8A8E8 /* MAC */,
			);
			path = Resources;
			sourceTree = "<group>";
		};
		8516878E20E2C0F600F8A8E8 /* MAC */ = {
			isa = PBXGroup;
			children = (
				8516879A20E2C1CE00F8A8E8 /* mac_fix_material.jpg */,
				8516879C20E2C1D800F8A8E8 /* mac_fix.scn */,
				8516879020E2C10400F8A8E8 /* mac_palette_material.jpg */,
				C18B08DE20EECA56000F5679 /* mac_palette.scn */,
			);
			path = MAC;
			sourceTree = "<group>";
		};
		8516879320E2C17A00F8A8E8 /* URBAN */ = {
			isa = PBXGroup;
			children = (
				8516879620E2C19D00F8A8E8 /* urban_material.jpg */,
				8516879D20E2C1E800F8A8E8 /* urban.scn */,
			);
			path = URBAN;
			sourceTree = "<group>";
		};
		85CA642520E284360059B0F1 /* Storyboards */ = {
			isa = PBXGroup;
			children = (
				E4231FD51F0FEAD500CBE4C1 /* Main.storyboard */,
				E4231FDA1F0FEAD500CBE4C1 /* LaunchScreen.storyboard */,
			);
			path = Storyboards;
			sourceTree = "<group>";
		};
		C1476FBB20F3F01D007F8CCC /* Materials */ = {
			isa = PBXGroup;
			children = (
				C1476FC320F4037C007F8CCC /* salmon.png */,
				C1A7559620F51AE900502DF5 /* purple.png */,
				C1476FC520F4038D007F8CCC /* green.png */,
			);
			name = Materials;
			path = Meterials;
			sourceTree = "<group>";
		};
		C149B40020EAB9A8007CF0AC /* Perfume */ = {
			isa = PBXGroup;
			children = (
				C18B08DC20EEC655000F5679 /* reflective.jpg */,
				C18B08DA20EEC4C2000F5679 /* reflective.png */,
				C149B40720EAB9B1007CF0AC /* back.jpeg */,
				C149B40420EAB9B1007CF0AC /* bottom.jpeg */,
				C149B40520EAB9B1007CF0AC /* front.jpeg */,
				C149B40220EAB9B0007CF0AC /* perfume.scn */,
				C149B40620EAB9B1007CF0AC /* side 1.jpeg */,
				C149B40120EAB9B0007CF0AC /* side 2.jpeg */,
				C149B40320EAB9B1007CF0AC /* top.jpeg */,
			);
			path = Perfume;
			sourceTree = "<group>";
		};
		C1F810D520F53AB900510AE4 /* NARS Colors */ = {
			isa = PBXGroup;
			children = (
				C1F810E820F53E1100510AE4 /* Afghan Red.png */,
				C1F810E920F53E1100510AE4 /* Banned Red.png */,
				C1F810DF20F53E1000510AE4 /* Belle Du Jour.png */,
				C1F810E120F53E1000510AE4 /* Catfight.png */,
				C1F810E020F53E1000510AE4 /* Cruising.png */,
				C1F810EA20F53E1100510AE4 /* Damage.png */,
				C1F810EC20F53E1200510AE4 /* Dolce Vita.png */,
				C1F810DB20F53E1000510AE4 /* Falbala.png */,
				C1F810E320F53E1100510AE4 /* Fast Ride.png */,
				C1F810D920F53E1000510AE4 /* Fire Down Below.png */,
				C1F810EB20F53E1100510AE4 /* Funny Face.png */,
				C1F810DA20F53E1000510AE4 /* Gipsy.png */,
				C1F810E220F53E1100510AE4 /* Heat Wave.png */,
				C1F810D620F53E0F00510AE4 /* Niagara.png */,
				C1F810E420F53E1100510AE4 /* Pigalle.png */,
				C1F810E720F53E1100510AE4 /* Red Lizard.png */,
				C1F810E520F53E1100510AE4 /* Roman Holiday.png */,
				C1F810E620F53E1100510AE4 /* Rosecliff.png */,
				C1F810D720F53E0F00510AE4 /* Scarlett Empress.png */,
				C1F810DE20F53E1000510AE4 /* Schiap.png */,
				C1F810DC20F53E1000510AE4 /* Sexual Healing.png */,
				C1F810DD20F53E1000510AE4 /* Shrinagar.png */,
				C1F810D820F53E0F00510AE4 /* Tolede.png */,
			);
			path = "NARS Colors";
			sourceTree = "<group>";
		};
		E4231FC31F0FEAD500CBE4C1 = {
			isa = PBXGroup;
			children = (
				E4231FCE1F0FEAD500CBE4C1 /* ARSceneKit */,
				E4231FCD1F0FEAD500CBE4C1 /* Products */,
			);
			sourceTree = "<group>";
		};
		E4231FCD1F0FEAD500CBE4C1 /* Products */ = {
			isa = PBXGroup;
			children = (
				E4231FCC1F0FEAD500CBE4C1 /* ARSceneKit.app */,
			);
			name = Products;
			sourceTree = "<group>";
		};
		E4231FCE1F0FEAD500CBE4C1 /* ARSceneKit */ = {
			isa = PBXGroup;
			children = (
				E4231FCF1F0FEAD500CBE4C1 /* AppDelegate.swift */,
				C17F4B8F20EA82B700492C3E /* MaterialDetails.swift */,
				C1A7559420F5088A00502DF5 /* MaterialCollectionViewCell.swift */,
				C149B40F20EBCF76007CF0AC /* PlaneDetectionNode.swift */,
				C1F8110420F5632E00510AE4 /* PDPViewController.swift */,
				C1A31B4220F7956C00AD8BCA /* SpinnerView.swift */,
				E4231FD31F0FEAD500CBE4C1 /* ViewController.swift */,
				8516878D20E2C0E000F8A8E8 /* Resources */,
				85CA642520E284360059B0F1 /* Storyboards */,
				E4231FD81F0FEAD500CBE4C1 /* Assets.xcassets */,
				E4231FDD1F0FEAD500CBE4C1 /* Info.plist */,
			);
			path = ARSceneKit;
			sourceTree = "<group>";
		};
/* End PBXGroup section */

/* Begin PBXNativeTarget section */
		E4231FCB1F0FEAD500CBE4C1 /* ARSceneKit */ = {
			isa = PBXNativeTarget;
			buildConfigurationList = E4231FE01F0FEAD500CBE4C1 /* Build configuration list for PBXNativeTarget "ARSceneKit" */;
			buildPhases = (
				E4231FC81F0FEAD500CBE4C1 /* Sources */,
				E4231FC91F0FEAD500CBE4C1 /* Frameworks */,
				E4231FCA1F0FEAD500CBE4C1 /* Resources */,
			);
			buildRules = (
			);
			dependencies = (
			);
			name = ARSceneKit;
			productName = ARSceneKit;
			productReference = E4231FCC1F0FEAD500CBE4C1 /* ARSceneKit.app */;
			productType = "com.apple.product-type.application";
		};
/* End PBXNativeTarget section */

/* Begin PBXProject section */
		E4231FC41F0FEAD500CBE4C1 /* Project object */ = {
			isa = PBXProject;
			attributes = {
				LastSwiftUpdateCheck = 0900;
				LastUpgradeCheck = 1000;
				ORGANIZATIONNAME = "Esteban Herrera";
				TargetAttributes = {
					E4231FCB1F0FEAD500CBE4C1 = {
						CreatedOnToolsVersion = 9.0;
						LastSwiftMigration = 1000;
					};
				};
			};
			buildConfigurationList = E4231FC71F0FEAD500CBE4C1 /* Build configuration list for PBXProject "ARSceneKit" */;
			compatibilityVersion = "Xcode 8.0";
			developmentRegion = en;
			hasScannedForEncodings = 0;
			knownRegions = (
				en,
				Base,
			);
			mainGroup = E4231FC31F0FEAD500CBE4C1;
			productRefGroup = E4231FCD1F0FEAD500CBE4C1 /* Products */;
			projectDirPath = "";
			projectRoot = "";
			targets = (
				E4231FCB1F0FEAD500CBE4C1 /* ARSceneKit */,
			);
		};
/* End PBXProject section */

/* Begin PBXResourcesBuildPhase section */
		E4231FCA1F0FEAD500CBE4C1 /* Resources */ = {
			isa = PBXResourcesBuildPhase;
			buildActionMask = 2147483647;
			files = (
				E4231FDC1F0FEAD500CBE4C1 /* LaunchScreen.storyboard in Resources */,
				C149B40920EAB9B2007CF0AC /* perfume.scn in Resources */,
				C1A7559720F51AE900502DF5 /* purple.png in Resources */,
				C1F810F920F53E1200510AE4 /* Heat Wave.png in Resources */,
				C1F810F720F53E1200510AE4 /* Cruising.png in Resources */,
				C149B40A20EAB9B2007CF0AC /* top.jpeg in Resources */,
				C1476FC420F4037C007F8CCC /* salmon.png in Resources */,
				C1F810F520F53E1200510AE4 /* Schiap.png in Resources */,
				C1F810EE20F53E1200510AE4 /* Scarlett Empress.png in Resources */,
				C1F810FF20F53E1200510AE4 /* Afghan Red.png in Resources */,
				E4231FD91F0FEAD500CBE4C1 /* Assets.xcassets in Resources */,
				C1F8110020F53E1200510AE4 /* Banned Red.png in Resources */,
				C1F8110320F53E1200510AE4 /* Dolce Vita.png in Resources */,
				C1F810F320F53E1200510AE4 /* Sexual Healing.png in Resources */,
				C1F810FD20F53E1200510AE4 /* Rosecliff.png in Resources */,
				C149B40B20EAB9B2007CF0AC /* bottom.jpeg in Resources */,
				C1F810FB20F53E1200510AE4 /* Pigalle.png in Resources */,
				C149B40D20EAB9B2007CF0AC /* side 1.jpeg in Resources */,
				C18B08DD20EEC655000F5679 /* reflective.jpg in Resources */,
				C1F810EF20F53E1200510AE4 /* Tolede.png in Resources */,
				8516879720E2C19D00F8A8E8 /* urban_material.jpg in Resources */,
				C1F810F420F53E1200510AE4 /* Shrinagar.png in Resources */,
				8516879220E2C10400F8A8E8 /* mac_palette_material.jpg in Resources */,
				C1F810F820F53E1200510AE4 /* Catfight.png in Resources */,
				8516879E20E2C6E200F8A8E8 /* mac_fix.scn in Resources */,
				C18B08DF20EECA56000F5679 /* mac_palette.scn in Resources */,
				C149B40820EAB9B2007CF0AC /* side 2.jpeg in Resources */,
				C1476FC620F4038D007F8CCC /* green.png in Resources */,
				C1F810F020F53E1200510AE4 /* Fire Down Below.png in Resources */,
				8516879F20E2C6E500F8A8E8 /* urban.scn in Resources */,
				8516879B20E2C1CE00F8A8E8 /* mac_fix_material.jpg in Resources */,
				C18B08DB20EEC4C3000F5679 /* reflective.png in Resources */,
				C1F810F220F53E1200510AE4 /* Falbala.png in Resources */,
				E4231FD71F0FEAD500CBE4C1 /* Main.storyboard in Resources */,
				C1F810F120F53E1200510AE4 /* Gipsy.png in Resources */,
				C1F810FE20F53E1200510AE4 /* Red Lizard.png in Resources */,
				C149B40C20EAB9B2007CF0AC /* front.jpeg in Resources */,
				C149B40E20EAB9B2007CF0AC /* back.jpeg in Resources */,
				C1F810FA20F53E1200510AE4 /* Fast Ride.png in Resources */,
				C1F8110120F53E1200510AE4 /* Damage.png in Resources */,
				C1F810F620F53E1200510AE4 /* Belle Du Jour.png in Resources */,
				C1F8110220F53E1200510AE4 /* Funny Face.png in Resources */,
				C1F810FC20F53E1200510AE4 /* Roman Holiday.png in Resources */,
				C1F810ED20F53E1200510AE4 /* Niagara.png in Resources */,
			);
			runOnlyForDeploymentPostprocessing = 0;
		};
/* End PBXResourcesBuildPhase section */

/* Begin PBXSourcesBuildPhase section */
		E4231FC81F0FEAD500CBE4C1 /* Sources */ = {
			isa = PBXSourcesBuildPhase;
			buildActionMask = 2147483647;
			files = (
				C17F4B9020EA82B700492C3E /* MaterialDetails.swift in Sources */,
				C1F8110520F5632E00510AE4 /* PDPViewController.swift in Sources */,
				E4231FD41F0FEAD500CBE4C1 /* ViewController.swift in Sources */,
				C149B41020EBCF76007CF0AC /* PlaneDetectionNode.swift in Sources */,
				C1A7559520F5088A00502DF5 /* MaterialCollectionViewCell.swift in Sources */,
				E4231FD01F0FEAD500CBE4C1 /* AppDelegate.swift in Sources */,
				C1A31B4320F7956C00AD8BCA /* SpinnerView.swift in Sources */,
			);
			runOnlyForDeploymentPostprocessing = 0;
		};
/* End PBXSourcesBuildPhase section */

/* Begin PBXVariantGroup section */
		E4231FD51F0FEAD500CBE4C1 /* Main.storyboard */ = {
			isa = PBXVariantGroup;
			children = (
				E4231FD61F0FEAD500CBE4C1 /* Base */,
			);
			name = Main.storyboard;
			sourceTree = "<group>";
		};
		E4231FDA1F0FEAD500CBE4C1 /* LaunchScreen.storyboard */ = {
			isa = PBXVariantGroup;
			children = (
				E4231FDB1F0FEAD500CBE4C1 /* Base */,
			);
			name = LaunchScreen.storyboard;
			sourceTree = "<group>";
		};
/* End PBXVariantGroup section */

/* Begin XCBuildConfiguration section */
		E4231FDE1F0FEAD500CBE4C1 /* Debug */ = {
			isa = XCBuildConfiguration;
			buildSettings = {
				ALWAYS_SEARCH_USER_PATHS = NO;
				CLANG_ANALYZER_NONNULL = YES;
				CLANG_ANALYZER_NUMBER_OBJECT_CONVERSION = YES_AGGRESSIVE;
				CLANG_CXX_LANGUAGE_STANDARD = "gnu++14";
				CLANG_CXX_LIBRARY = "libc++";
				CLANG_ENABLE_MODULES = YES;
				CLANG_ENABLE_OBJC_ARC = YES;
				CLANG_WARN_BLOCK_CAPTURE_AUTORELEASING = YES;
				CLANG_WARN_BOOL_CONVERSION = YES;
				CLANG_WARN_COMMA = YES;
				CLANG_WARN_CONSTANT_CONVERSION = YES;
				CLANG_WARN_DEPRECATED_OBJC_IMPLEMENTATIONS = YES;
				CLANG_WARN_DIRECT_OBJC_ISA_USAGE = YES_ERROR;
				CLANG_WARN_DOCUMENTATION_COMMENTS = YES;
				CLANG_WARN_EMPTY_BODY = YES;
				CLANG_WARN_ENUM_CONVERSION = YES;
				CLANG_WARN_INFINITE_RECURSION = YES;
				CLANG_WARN_INT_CONVERSION = YES;
				CLANG_WARN_NON_LITERAL_NULL_CONVERSION = YES;
				CLANG_WARN_OBJC_IMPLICIT_RETAIN_SELF = YES;
				CLANG_WARN_OBJC_LITERAL_CONVERSION = YES;
				CLANG_WARN_OBJC_ROOT_CLASS = YES_ERROR;
				CLANG_WARN_RANGE_LOOP_ANALYSIS = YES;
				CLANG_WARN_STRICT_PROTOTYPES = YES;
				CLANG_WARN_SUSPICIOUS_MOVE = YES;
				CLANG_WARN_UNGUARDED_AVAILABILITY = YES_AGGRESSIVE;
				CLANG_WARN_UNREACHABLE_CODE = YES;
				CLANG_WARN__DUPLICATE_METHOD_MATCH = YES;
				CODE_SIGN_IDENTITY = "iPhone Developer";
				COPY_PHASE_STRIP = NO;
				DEBUG_INFORMATION_FORMAT = dwarf;
				ENABLE_STRICT_OBJC_MSGSEND = YES;
				ENABLE_TESTABILITY = YES;
				GCC_C_LANGUAGE_STANDARD = gnu11;
				GCC_DYNAMIC_NO_PIC = NO;
				GCC_NO_COMMON_BLOCKS = YES;
				GCC_OPTIMIZATION_LEVEL = 0;
				GCC_PREPROCESSOR_DEFINITIONS = (
					"DEBUG=1",
					"$(inherited)",
				);
				GCC_WARN_64_TO_32_BIT_CONVERSION = YES;
				GCC_WARN_ABOUT_RETURN_TYPE = YES_ERROR;
				GCC_WARN_UNDECLARED_SELECTOR = YES;
				GCC_WARN_UNINITIALIZED_AUTOS = YES_AGGRESSIVE;
				GCC_WARN_UNUSED_FUNCTION = YES;
				GCC_WARN_UNUSED_VARIABLE = YES;
				IPHONEOS_DEPLOYMENT_TARGET = 11.0;
				MTL_ENABLE_DEBUG_INFO = YES;
				ONLY_ACTIVE_ARCH = YES;
				SDKROOT = iphoneos;
				SWIFT_ACTIVE_COMPILATION_CONDITIONS = DEBUG;
				SWIFT_OPTIMIZATION_LEVEL = "-Onone";
			};
			name = Debug;
		};
		E4231FDF1F0FEAD500CBE4C1 /* Release */ = {
			isa = XCBuildConfiguration;
			buildSettings = {
				ALWAYS_SEARCH_USER_PATHS = NO;
				CLANG_ANALYZER_NONNULL = YES;
				CLANG_ANALYZER_NUMBER_OBJECT_CONVERSION = YES_AGGRESSIVE;
				CLANG_CXX_LANGUAGE_STANDARD = "gnu++14";
				CLANG_CXX_LIBRARY = "libc++";
				CLANG_ENABLE_MODULES = YES;
				CLANG_ENABLE_OBJC_ARC = YES;
				CLANG_WARN_BLOCK_CAPTURE_AUTORELEASING = YES;
				CLANG_WARN_BOOL_CONVERSION = YES;
				CLANG_WARN_COMMA = YES;
				CLANG_WARN_CONSTANT_CONVERSION = YES;
				CLANG_WARN_DEPRECATED_OBJC_IMPLEMENTATIONS = YES;
				CLANG_WARN_DIRECT_OBJC_ISA_USAGE = YES_ERROR;
				CLANG_WARN_DOCUMENTATION_COMMENTS = YES;
				CLANG_WARN_EMPTY_BODY = YES;
				CLANG_WARN_ENUM_CONVERSION = YES;
				CLANG_WARN_INFINITE_RECURSION = YES;
				CLANG_WARN_INT_CONVERSION = YES;
				CLANG_WARN_NON_LITERAL_NULL_CONVERSION = YES;
				CLANG_WARN_OBJC_IMPLICIT_RETAIN_SELF = YES;
				CLANG_WARN_OBJC_LITERAL_CONVERSION = YES;
				CLANG_WARN_OBJC_ROOT_CLASS = YES_ERROR;
				CLANG_WARN_RANGE_LOOP_ANALYSIS = YES;
				CLANG_WARN_STRICT_PROTOTYPES = YES;
				CLANG_WARN_SUSPICIOUS_MOVE = YES;
				CLANG_WARN_UNGUARDED_AVAILABILITY = YES_AGGRESSIVE;
				CLANG_WARN_UNREACHABLE_CODE = YES;
				CLANG_WARN__DUPLICATE_METHOD_MATCH = YES;
				CODE_SIGN_IDENTITY = "iPhone Developer";
				COPY_PHASE_STRIP = NO;
				DEBUG_INFORMATION_FORMAT = "dwarf-with-dsym";
				ENABLE_NS_ASSERTIONS = NO;
				ENABLE_STRICT_OBJC_MSGSEND = YES;
				GCC_C_LANGUAGE_STANDARD = gnu11;
				GCC_NO_COMMON_BLOCKS = YES;
				GCC_WARN_64_TO_32_BIT_CONVERSION = YES;
				GCC_WARN_ABOUT_RETURN_TYPE = YES_ERROR;
				GCC_WARN_UNDECLARED_SELECTOR = YES;
				GCC_WARN_UNINITIALIZED_AUTOS = YES_AGGRESSIVE;
				GCC_WARN_UNUSED_FUNCTION = YES;
				GCC_WARN_UNUSED_VARIABLE = YES;
				IPHONEOS_DEPLOYMENT_TARGET = 11.0;
				MTL_ENABLE_DEBUG_INFO = NO;
				SDKROOT = iphoneos;
				SWIFT_OPTIMIZATION_LEVEL = "-Owholemodule";
				VALIDATE_PRODUCT = YES;
			};
			name = Release;
		};
		E4231FE11F0FEAD500CBE4C1 /* Debug */ = {
			isa = XCBuildConfiguration;
			buildSettings = {
				ASSETCATALOG_COMPILER_APPICON_NAME = AppIcon;
				DEVELOPMENT_TEAM = KTTGU94DH6;
				INFOPLIST_FILE = ARSceneKit/Info.plist;
				LD_RUNPATH_SEARCH_PATHS = "$(inherited) @executable_path/Frameworks";
				PRODUCT_BUNDLE_IDENTIFIER = MaddGaming.ARTest;
				PRODUCT_NAME = "$(TARGET_NAME)";
				SWIFT_VERSION = 4.2;
				TARGETED_DEVICE_FAMILY = "1,2";
			};
			name = Debug;
		};
		E4231FE21F0FEAD500CBE4C1 /* Release */ = {
			isa = XCBuildConfiguration;
			buildSettings = {
				ASSETCATALOG_COMPILER_APPICON_NAME = AppIcon;
				DEVELOPMENT_TEAM = KTTGU94DH6;
				INFOPLIST_FILE = ARSceneKit/Info.plist;
				LD_RUNPATH_SEARCH_PATHS = "$(inherited) @executable_path/Frameworks";
				PRODUCT_BUNDLE_IDENTIFIER = MaddGaming.ARTest;
				PRODUCT_NAME = "$(TARGET_NAME)";
				SWIFT_VERSION = 4.2;
				TARGETED_DEVICE_FAMILY = "1,2";
			};
			name = Release;
		};
/* End XCBuildConfiguration section */

/* Begin XCConfigurationList section */
		E4231FC71F0FEAD500CBE4C1 /* Build configuration list for PBXProject "ARSceneKit" */ = {
			isa = XCConfigurationList;
			buildConfigurations = (
				E4231FDE1F0FEAD500CBE4C1 /* Debug */,
				E4231FDF1F0FEAD500CBE4C1 /* Release */,
			);
			defaultConfigurationIsVisible = 0;
			defaultConfigurationName = Release;
		};
		E4231FE01F0FEAD500CBE4C1 /* Build configuration list for PBXNativeTarget "ARSceneKit" */ = {
			isa = XCConfigurationList;
			buildConfigurations = (
				E4231FE11F0FEAD500CBE4C1 /* Debug */,
				E4231FE21F0FEAD500CBE4C1 /* Release */,
			);
			defaultConfigurationIsVisible = 0;
			defaultConfigurationName = Release;
		};
/* End XCConfigurationList section */
	};
	rootObject = E4231FC41F0FEAD500CBE4C1 /* Project object */;
}
